
Microsoft Visual Studio Solution File, Format Version 12.00
# Visual Studio Version 17
VisualStudioVersion = 17.9.34622.214
MinimumVisualStudioVersion = 10.0.40219.1
Project("{FAE04EC0-301F-11D3-BF4B-00C04F79EFBC}") = "MemoryLeak", "MemoryLeak.csproj", "{465F39E5-CBB6-46CC-8794-8AB73B2B3713}"
EndProject
Global
	GlobalSection(SolutionConfigurationPlatforms) = preSolution
		Debug|Any CPU = Debug|Any CPU
		Release|Any CPU = Release|Any CPU
	EndGlobalSection
	GlobalSection(ProjectConfigurationPlatforms) = postSolution
		{465F39E5-CBB6-46CC-8794-8AB73B2B3713}.Debug|Any CPU.ActiveCfg = Debug|Any CPU
		{465F39E5-CBB6-46CC-8794-8AB73B2B3713}.Debug|Any CPU.Build.0 = Debug|Any CPU
		{465F39E5-CBB6-46CC-8794-8AB73B2B3713}.Release|Any CPU.ActiveCfg = Release|Any CPU
		{465F39E5-CBB6-46CC-8794-8AB73B2B3713}.Release|Any CPU.Build.0 = Release|Any CPU
	EndGlobalSection
	GlobalSection(SolutionProperties) = preSolution
		HideSolutionNode = FALSE
	EndGlobalSection
	GlobalSection(ExtensibilityGlobals) = postSolution
		SolutionGuid = {47CD5F67-1D2C-4E0A-8468-3694002845EA}
	EndGlobalSection
EndGlobal
